
Microsoft Visual Studio Solution File, Format Version 12.00
# Visual Studio Version 17
VisualStudioVersion = 17.7.34031.279
MinimumVisualStudioVersion = 10.0.40219.1
Project("{FAE04EC0-301F-11D3-BF4B-00C04F79EFBC}") = "RPR-testing", "RPR-testing\RPR-testing.csproj", "{BFC57C31-60B5-4A40-88D0-6B7111E34CCF}"
EndProject
Project("{FAE04EC0-301F-11D3-BF4B-00C04F79EFBC}") = "UnitTestProject1", "UnitTestProject1\UnitTestProject1.csproj", "{F357F0AA-43D2-4060-891C-4231DC2F4E62}"
EndProject
Global
	GlobalSection(SolutionConfigurationPlatforms) = preSolution
		Debug|Any CPU = Debug|Any CPU
		Release|Any CPU = Release|Any CPU
	EndGlobalSection
	GlobalSection(ProjectConfigurationPlatforms) = postSolution
		{BFC57C31-60B5-4A40-88D0-6B7111E34CCF}.Debug|Any CPU.ActiveCfg = Debug|Any CPU
		{BFC57C31-60B5-4A40-88D0-6B7111E34CCF}.Debug|Any CPU.Build.0 = Debug|Any CPU
		{BFC57C31-60B5-4A40-88D0-6B7111E34CCF}.Release|Any CPU.ActiveCfg = Release|Any CPU
		{BFC57C31-60B5-4A40-88D0-6B7111E34CCF}.Release|Any CPU.Build.0 = Release|Any CPU
		{F357F0AA-43D2-4060-891C-4231DC2F4E62}.Debug|Any CPU.ActiveCfg = Debug|Any CPU
		{F357F0AA-43D2-4060-891C-4231DC2F4E62}.Debug|Any CPU.Build.0 = Debug|Any CPU
		{F357F0AA-43D2-4060-891C-4231DC2F4E62}.Release|Any CPU.ActiveCfg = Release|Any CPU
		{F357F0AA-43D2-4060-891C-4231DC2F4E62}.Release|Any CPU.Build.0 = Release|Any CPU
	EndGlobalSection
	GlobalSection(SolutionProperties) = preSolution
		HideSolutionNode = FALSE
	EndGlobalSection
	GlobalSection(ExtensibilityGlobals) = postSolution
		SolutionGuid = {EFE0FD7E-1A1D-4D84-8373-BC2FB1FDF11A}
	EndGlobalSection
EndGlobal
